{
  "name": "@caiu/grid",
  "version": "6.1.0",
  "lockfileVersion": 1,
  "requires": true,
  "dependencies": {
    "@caiu/library": {
      "version": "6.2.1",
      "resolved": "https://registry.npmjs.org/@caiu/library/-/library-6.2.1.tgz",
      "integrity": "sha512-Q9O84csrtreLXPDjs2oije/L3pRzCU/c6P4oUCNeauwkgNkQxHr1T1uxfpkwiEB+VFO/yJx4MGnGKog7MRgOew==",
      "requires": {
        "tslib": "^1.9.0"
      }
    },
    "tslib": {
      "version": "1.9.3",
      "resolved": "https://registry.npmjs.org/tslib/-/tslib-1.9.3.tgz",
      "integrity": "sha512-4krF8scpejhaOgqzBEcGM7yDIEfi0/8+8zDRZhNZZ2kjmHJ4hv3zCbQWxoJGz1iw5U0Jl0nma13xzHXcncMavQ=="
    }
  }
}
